# THIS IS AN AUTOGENERATED FILE. DO NOT EDIT THIS FILE DIRECTLY.
# yarn lockfile v1


mobx-react-lite@^3.2.0:
  version "3.2.3"
  resolved "https://registry.yarnpkg.com/mobx-react-lite/-/mobx-react-lite-3.2.3.tgz#83d2b32ebf4383cd0dc0d397acbf53a8e9c66765"
  integrity sha512-7exWp1FV0M9dP08H9PIeHlJqDw4IdkQVRMfLYaZFMmlbzSS6ZU6p/kx392KN+rVf81hH3IQYewvRGQ70oiwmbw==

mobx-react@^7.2.1:
  version "7.2.1"
  resolved "https://registry.yarnpkg.com/mobx-react/-/mobx-react-7.2.1.tgz#e9d4c04dc63d05e1139ce773f5fee7a5b4cb7c78"
  integrity sha512-LZS99KFLn75VWDXPdRJhILzVQ7qLcRjQbzkK+wVs0Qg4kWw5hOI2USp7tmu+9zP9KYsVBmKyx2k/8cTTBfsymw==
  dependencies:
    mobx-react-lite "^3.2.0"

mobx@^6.3.13:
  version "6.3.13"
  resolved "https://registry.yarnpkg.com/mobx/-/mobx-6.3.13.tgz#93e56a57ee72369f850cf3d6398fd36ee8ef062e"
  integrity sha512-zDDKDhYUk9QCHQUdLG+wb4Jv/nXutSLt/P8kkwHyjdbrJO4OZS6QTEsrOnrKM39puqXSrJZHdB6+yRys2NBFFA==
